// !$*UTF8*$!
{
	archiveVersion = 1;
	classes = {
	};
	objectVersion = 46;
	objects = {

/* Begin PBXBuildFile section */
		0467BF801EE7101A00D4A579 /* AppDelegate.swift in Sources */ = {isa = PBXBuildFile; fileRef = 0467BF7F1EE7101A00D4A579 /* AppDelegate.swift */; };
		0467BF821EE7101A00D4A579 /* SignInViewController.swift in Sources */ = {isa = PBXBuildFile; fileRef = 0467BF811EE7101A00D4A579 /* SignInViewController.swift */; };
		0467BF851EE7101A00D4A579 /* Main.storyboard in Resources */ = {isa = PBXBuildFile; fileRef = 0467BF831EE7101A00D4A579 /* Main.storyboard */; };
		0467BF871EE7101A00D4A579 /* Assets.xcassets in Resources */ = {isa = PBXBuildFile; fileRef = 0467BF861EE7101A00D4A579 /* Assets.xcassets */; };
		0467BF8A1EE7101A00D4A579 /* LaunchScreen.storyboard in Resources */ = {isa = PBXBuildFile; fileRef = 0467BF881EE7101A00D4A579 /* LaunchScreen.storyboard */; };
		0467BF921EE7377500D4A579 /* GoogleService-Info.plist in Resources */ = {isa = PBXBuildFile; fileRef = 0467BF911EE7377500D4A579 /* GoogleService-Info.plist */; };
		0467BF941EE8948500D4A579 /* SnapsViewController.swift in Sources */ = {isa = PBXBuildFile; fileRef = 0467BF931EE8948500D4A579 /* SnapsViewController.swift */; };
		0467BF961EE897D000D4A579 /* PictureViewController.swift in Sources */ = {isa = PBXBuildFile; fileRef = 0467BF951EE897D000D4A579 /* PictureViewController.swift */; };
		0467BF981EE8B03B00D4A579 /* SelectUserViewController.swift in Sources */ = {isa = PBXBuildFile; fileRef = 0467BF971EE8B03B00D4A579 /* SelectUserViewController.swift */; };
		B13B8EFCDF27AE8E26761EA2 /* Pods_SnapchatClone.framework in Frameworks */ = {isa = PBXBuildFile; fileRef = 6546D973F20F3F9A46568478 /* Pods_SnapchatClone.framework */; };
/* End PBXBuildFile section */

/* Begin PBXFileReference section */
		0467BF7C1EE7101A00D4A579 /* SnapchatClone.app */ = {isa = PBXFileReference; explicitFileType = wrapper.application; includeInIndex = 0; path = SnapchatClone.app; sourceTree = BUILT_PRODUCTS_DIR; };
		0467BF7F1EE7101A00D4A579 /* AppDelegate.swift */ = {isa = PBXFileReference; lastKnownFileType = sourcecode.swift; path = AppDelegate.swift; sourceTree = "<group>"; };
		0467BF811EE7101A00D4A579 /* SignInViewController.swift */ = {isa = PBXFileReference; lastKnownFileType = sourcecode.swift; path = SignInViewController.swift; sourceTree = "<group>"; };
		0467BF841EE7101A00D4A579 /* Base */ = {isa = PBXFileReference; lastKnownFileType = file.storyboard; name = Base; path = Base.lproj/Main.storyboard; sourceTree = "<group>"; };
		0467BF861EE7101A00D4A579 /* Assets.xcassets */ = {isa = PBXFileReference; lastKnownFileType = folder.assetcatalog; path = Assets.xcassets; sourceTree = "<group>"; };
		0467BF891EE7101A00D4A579 /* Base */ = {isa = PBXFileReference; lastKnownFileType = file.storyboard; name = Base; path = Base.lproj/LaunchScreen.storyboard; sourceTree = "<group>"; };
		0467BF8B1EE7101A00D4A579 /* Info.plist */ = {isa = PBXFileReference; lastKnownFileType = text.plist.xml; path = Info.plist; sourceTree = "<group>"; };
		0467BF911EE7377500D4A579 /* GoogleService-Info.plist */ = {isa = PBXFileReference; fileEncoding = 4; lastKnownFileType = text.plist.xml; path = "GoogleService-Info.plist"; sourceTree = "<group>"; };
		0467BF931EE8948500D4A579 /* SnapsViewController.swift */ = {isa = PBXFileReference; fileEncoding = 4; lastKnownFileType = sourcecode.swift; path = SnapsViewController.swift; sourceTree = "<group>"; };
		0467BF951EE897D000D4A579 /* PictureViewController.swift */ = {isa = PBXFileReference; fileEncoding = 4; lastKnownFileType = sourcecode.swift; path = PictureViewController.swift; sourceTree = "<group>"; };
		0467BF971EE8B03B00D4A579 /* SelectUserViewController.swift */ = {isa = PBXFileReference; fileEncoding = 4; lastKnownFileType = sourcecode.swift; path = SelectUserViewController.swift; sourceTree = "<group>"; };
		6546D973F20F3F9A46568478 /* Pods_SnapchatClone.framework */ = {isa = PBXFileReference; explicitFileType = wrapper.framework; includeInIndex = 0; path = Pods_SnapchatClone.framework; sourceTree = BUILT_PRODUCTS_DIR; };
		9BEA73F99254851789D66D67 /* Pods-SnapchatClone.release.xcconfig */ = {isa = PBXFileReference; includeInIndex = 1; lastKnownFileType = text.xcconfig; name = "Pods-SnapchatClone.release.xcconfig"; path = "Pods/Target Support Files/Pods-SnapchatClone/Pods-SnapchatClone.release.xcconfig"; sourceTree = "<group>"; };
		ADABE02F549AF9AD377FB299 /* Pods-SnapchatClone.debug.xcconfig */ = {isa = PBXFileReference; includeInIndex = 1; lastKnownFileType = text.xcconfig; name = "Pods-SnapchatClone.debug.xcconfig"; path = "Pods/Target Support Files/Pods-SnapchatClone/Pods-SnapchatClone.debug.xcconfig"; sourceTree = "<group>"; };
/* End PBXFileReference section */

/* Begin PBXFrameworksBuildPhase section */
		0467BF791EE7101900D4A579 /* Frameworks */ = {
			isa = PBXFrameworksBuildPhase;
			buildActionMask = 2147483647;
			files = (
				B13B8EFCDF27AE8E26761EA2 /* Pods_SnapchatClone.framework in Frameworks */,
			);
			runOnlyForDeploymentPostprocessing = 0;
		};
/* End PBXFrameworksBuildPhase section */

/* Begin PBXGroup section */
		0467BF731EE7101900D4A579 = {
			isa = PBXGroup;
			children = (
				0467BF7E1EE7101A00D4A579 /* SnapchatClone */,
				0467BF7D1EE7101A00D4A579 /* Products */,
				7880AD474D21D9FF4919C5A0 /* Pods */,
				17CA5BF9E2A8252A2B77D69D /* Frameworks */,
			);
			sourceTree = "<group>";
		};
		0467BF7D1EE7101A00D4A579 /* Products */ = {
			isa = PBXGroup;
			children = (
				0467BF7C1EE7101A00D4A579 /* SnapchatClone.app */,
			);
			name = Products;
			sourceTree = "<group>";
		};
		0467BF7E1EE7101A00D4A579 /* SnapchatClone */ = {
			isa = PBXGroup;
			children = (
				0467BF7F1EE7101A00D4A579 /* AppDelegate.swift */,
				0467BF811EE7101A00D4A579 /* SignInViewController.swift */,
				0467BF831EE7101A00D4A579 /* Main.storyboard */,
				0467BF971EE8B03B00D4A579 /* SelectUserViewController.swift */,
				0467BF951EE897D000D4A579 /* PictureViewController.swift */,
				0467BF931EE8948500D4A579 /* SnapsViewController.swift */,
				0467BF861EE7101A00D4A579 /* Assets.xcassets */,
				0467BF881EE7101A00D4A579 /* LaunchScreen.storyboard */,
				0467BF911EE7377500D4A579 /* GoogleService-Info.plist */,
				0467BF8B1EE7101A00D4A579 /* Info.plist */,
			);
			path = SnapchatClone;
			sourceTree = "<group>";
		};
		17CA5BF9E2A8252A2B77D69D /* Frameworks */ = {
			isa = PBXGroup;
			children = (
				6546D973F20F3F9A46568478 /* Pods_SnapchatClone.framework */,
			);
			name = Frameworks;
			sourceTree = "<group>";
		};
		7880AD474D21D9FF4919C5A0 /* Pods */ = {
			isa = PBXGroup;
			children = (
				ADABE02F549AF9AD377FB299 /* Pods-SnapchatClone.debug.xcconfig */,
				9BEA73F99254851789D66D67 /* Pods-SnapchatClone.release.xcconfig */,
			);
			name = Pods;
			sourceTree = "<group>";
		};
/* End PBXGroup section */

/* Begin PBXNativeTarget section */
		0467BF7B1EE7101900D4A579 /* SnapchatClone */ = {
			isa = PBXNativeTarget;
			buildConfigurationList = 0467BF8E1EE7101A00D4A579 /* Build configuration list for PBXNativeTarget "SnapchatClone" */;
			buildPhases = (
				27B6E91142A9F793291B3DEF /* [CP] Check Pods Manifest.lock */,
				0467BF781EE7101900D4A579 /* Sources */,
				0467BF791EE7101900D4A579 /* Frameworks */,
				0467BF7A1EE7101900D4A579 /* Resources */,
				B0D89BFDE5BACCB569060B4D /* [CP] Embed Pods Frameworks */,
				83BA33FB5C25BB649462B1A9 /* [CP] Copy Pods Resources */,
			);
			buildRules = (
			);
			dependencies = (
			);
			name = SnapchatClone;
			productName = SnapchatClone;
			productReference = 0467BF7C1EE7101A00D4A579 /* SnapchatClone.app */;
			productType = "com.apple.product-type.application";
		};
/* End PBXNativeTarget section */

/* Begin PBXProject section */
		0467BF741EE7101900D4A579 /* Project object */ = {
			isa = PBXProject;
			attributes = {
				LastSwiftUpdateCheck = 0820;
				LastUpgradeCheck = 0820;
				ORGANIZATIONNAME = Mac;
				TargetAttributes = {
					0467BF7B1EE7101900D4A579 = {
						CreatedOnToolsVersion = 8.2.1;
						DevelopmentTeam = 76VJWPWNLJ;
						ProvisioningStyle = Automatic;
					};
				};
			};
			buildConfigurationList = 0467BF771EE7101900D4A579 /* Build configuration list for PBXProject "SnapchatClone" */;
			compatibilityVersion = "Xcode 3.2";
			developmentRegion = English;
			hasScannedForEncodings = 0;
			knownRegions = (
				en,
				Base,
			);
			mainGroup = 0467BF731EE7101900D4A579;
			productRefGroup = 0467BF7D1EE7101A00D4A579 /* Products */;
			projectDirPath = "";
			projectRoot = "";
			targets = (
				0467BF7B1EE7101900D4A579 /* SnapchatClone */,
			);
		};
/* End PBXProject section */

/* Begin PBXResourcesBuildPhase section */
		0467BF7A1EE7101900D4A579 /* Resources */ = {
			isa = PBXResourcesBuildPhase;
			buildActionMask = 2147483647;
			files = (
				0467BF8A1EE7101A00D4A579 /* LaunchScreen.storyboard in Resources */,
				0467BF921EE7377500D4A579 /* GoogleService-Info.plist in Resources */,
				0467BF871EE7101A00D4A579 /* Assets.xcassets in Resources */,
				0467BF851EE7101A00D4A579 /* Main.storyboard in Resources */,
			);
			runOnlyForDeploymentPostprocessing = 0;
		};
/* End PBXResourcesBuildPhase section */

/* Begin PBXShellScriptBuildPhase section */
		27B6E91142A9F793291B3DEF /* [CP] Check Pods Manifest.lock */ = {
			isa = PBXShellScriptBuildPhase;
			buildActionMask = 2147483647;
			files = (
			);
			inputPaths = (
			);
			name = "[CP] Check Pods Manifest.lock";
			outputPaths = (
			);
			runOnlyForDeploymentPostprocessing = 0;
			shellPath = /bin/sh;
			shellScript = "diff \"${PODS_PODFILE_DIR_PATH}/Podfile.lock\" \"${PODS_ROOT}/Manifest.lock\" > /dev/null\nif [ $? != 0 ] ; then\n    # print error to STDERR\n    echo \"error: The sandbox is not in sync with the Podfile.lock. Run 'pod install' or update your CocoaPods installation.\" >&2\n    exit 1\nfi\n";
			showEnvVarsInLog = 0;
		};
		83BA33FB5C25BB649462B1A9 /* [CP] Copy Pods Resources */ = {
			isa = PBXShellScriptBuildPhase;
			buildActionMask = 2147483647;
			files = (
			);
			inputPaths = (
			);
			name = "[CP] Copy Pods Resources";
			outputPaths = (
			);
			runOnlyForDeploymentPostprocessing = 0;
			shellPath = /bin/sh;
			shellScript = "\"${SRCROOT}/Pods/Target Support Files/Pods-SnapchatClone/Pods-SnapchatClone-resources.sh\"\n";
			showEnvVarsInLog = 0;
		};
		B0D89BFDE5BACCB569060B4D /* [CP] Embed Pods Frameworks */ = {
			isa = PBXShellScriptBuildPhase;
			buildActionMask = 2147483647;
			files = (
			);
			inputPaths = (
			);
			name = "[CP] Embed Pods Frameworks";
			outputPaths = (
			);
			runOnlyForDeploymentPostprocessing = 0;
			shellPath = /bin/sh;
			shellScript = "\"${SRCROOT}/Pods/Target Support Files/Pods-SnapchatClone/Pods-SnapchatClone-frameworks.sh\"\n";
			showEnvVarsInLog = 0;
		};
/* End PBXShellScriptBuildPhase section */

/* Begin PBXSourcesBuildPhase section */
		0467BF781EE7101900D4A579 /* Sources */ = {
			isa = PBXSourcesBuildPhase;
			buildActionMask = 2147483647;
			files = (
				0467BF821EE7101A00D4A579 /* SignInViewController.swift in Sources */,
				0467BF961EE897D000D4A579 /* PictureViewController.swift in Sources */,
				0467BF981EE8B03B00D4A579 /* SelectUserViewController.swift in Sources */,
				0467BF801EE7101A00D4A579 /* AppDelegate.swift in Sources */,
				0467BF941EE8948500D4A579 /* SnapsViewController.swift in Sources */,
			);
			runOnlyForDeploymentPostprocessing = 0;
		};
/* End PBXSourcesBuildPhase section */

/* Begin PBXVariantGroup section */
		0467BF831EE7101A00D4A579 /* Main.storyboard */ = {
			isa = PBXVariantGroup;
			children = (
				0467BF841EE7101A00D4A579 /* Base */,
			);
			name = Main.storyboard;
			sourceTree = "<group>";
		};
		0467BF881EE7101A00D4A579 /* LaunchScreen.storyboard */ = {
			isa = PBXVariantGroup;
			children = (
				0467BF891EE7101A00D4A579 /* Base */,
			);
			name = LaunchScreen.storyboard;
			sourceTree = "<group>";
		};
/* End PBXVariantGroup section */

/* Begin XCBuildConfiguration section */
		0467BF8C1EE7101A00D4A579 /* Debug */ = {
			isa = XCBuildConfiguration;
			buildSettings = {
				ALWAYS_SEARCH_USER_PATHS = NO;
				CLANG_ANALYZER_NONNULL = YES;
				CLANG_CXX_LANGUAGE_STANDARD = "gnu++0x";
				CLANG_CXX_LIBRARY = "libc++";
				CLANG_ENABLE_MODULES = YES;
				CLANG_ENABLE_OBJC_ARC = YES;
				CLANG_WARN_BOOL_CONVERSION = YES;
				CLANG_WARN_CONSTANT_CONVERSION = YES;
				CLANG_WARN_DIRECT_OBJC_ISA_USAGE = YES_ERROR;
				CLANG_WARN_DOCUMENTATION_COMMENTS = YES;
				CLANG_WARN_EMPTY_BODY = YES;
				CLANG_WARN_ENUM_CONVERSION = YES;
				CLANG_WARN_INFINITE_RECURSION = YES;
				CLANG_WARN_INT_CONVERSION = YES;
				CLANG_WARN_OBJC_ROOT_CLASS = YES_ERROR;
				CLANG_WARN_SUSPICIOUS_MOVE = YES;
				CLANG_WARN_UNREACHABLE_CODE = YES;
				CLANG_WARN__DUPLICATE_METHOD_MATCH = YES;
				"CODE_SIGN_IDENTITY[sdk=iphoneos*]" = "iPhone Developer";
				COPY_PHASE_STRIP = NO;
				DEBUG_INFORMATION_FORMAT = dwarf;
				ENABLE_STRICT_OBJC_MSGSEND = YES;
				ENABLE_TESTABILITY = YES;
				GCC_C_LANGUAGE_STANDARD = gnu99;
				GCC_DYNAMIC_NO_PIC = NO;
				GCC_NO_COMMON_BLOCKS = YES;
				GCC_OPTIMIZATION_LEVEL = 0;
				GCC_PREPROCESSOR_DEFINITIONS = (
					"DEBUG=1",
					"$(inherited)",
				);
				GCC_WARN_64_TO_32_BIT_CONVERSION = YES;
				GCC_WARN_ABOUT_RETURN_TYPE = YES_ERROR;
				GCC_WARN_UNDECLARED_SELECTOR = YES;
				GCC_WARN_UNINITIALIZED_AUTOS = YES_AGGRESSIVE;
				GCC_WARN_UNUSED_FUNCTION = YES;
				GCC_WARN_UNUSED_VARIABLE = YES;
				IPHONEOS_DEPLOYMENT_TARGET = 10.2;
				MTL_ENABLE_DEBUG_INFO = YES;
				ONLY_ACTIVE_ARCH = YES;
				SDKROOT = iphoneos;
				SWIFT_ACTIVE_COMPILATION_CONDITIONS = DEBUG;
				SWIFT_OPTIMIZATION_LEVEL = "-Onone";
			};
			name = Debug;
		};
		0467BF8D1EE7101A00D4A579 /* Release */ = {
			isa = XCBuildConfiguration;
			buildSettings = {
				ALWAYS_SEARCH_USER_PATHS = NO;
				CLANG_ANALYZER_NONNULL = YES;
				CLANG_CXX_LANGUAGE_STANDARD = "gnu++0x";
				CLANG_CXX_LIBRARY = "libc++";
				CLANG_ENABLE_MODULES = YES;
				CLANG_ENABLE_OBJC_ARC = YES;
				CLANG_WARN_BOOL_CONVERSION = YES;
				CLANG_WARN_CONSTANT_CONVERSION = YES;
				CLANG_WARN_DIRECT_OBJC_ISA_USAGE = YES_ERROR;
				CLANG_WARN_DOCUMENTATION_COMMENTS = YES;
				CLANG_WARN_EMPTY_BODY = YES;
				CLANG_WARN_ENUM_CONVERSION = YES;
				CLANG_WARN_INFINITE_RECURSION = YES;
				CLANG_WARN_INT_CONVERSION = YES;
				CLANG_WARN_OBJC_ROOT_CLASS = YES_ERROR;
				CLANG_WARN_SUSPICIOUS_MOVE = YES;
				CLANG_WARN_UNREACHABLE_CODE = YES;
				CLANG_WARN__DUPLICATE_METHOD_MATCH = YES;
				"CODE_SIGN_IDENTITY[sdk=iphoneos*]" = "iPhone Developer";
				COPY_PHASE_STRIP = NO;
				DEBUG_INFORMATION_FORMAT = "dwarf-with-dsym";
				ENABLE_NS_ASSERTIONS = NO;
				ENABLE_STRICT_OBJC_MSGSEND = YES;
				GCC_C_LANGUAGE_STANDARD = gnu99;
				GCC_NO_COMMON_BLOCKS = YES;
				GCC_WARN_64_TO_32_BIT_CONVERSION = YES;
				GCC_WARN_ABOUT_RETURN_TYPE = YES_ERROR;
				GCC_WARN_UNDECLARED_SELECTOR = YES;
				GCC_WARN_UNINITIALIZED_AUTOS = YES_AGGRESSIVE;
				GCC_WARN_UNUSED_FUNCTION = YES;
				GCC_WARN_UNUSED_VARIABLE = YES;
				IPHONEOS_DEPLOYMENT_TARGET = 10.2;
				MTL_ENABLE_DEBUG_INFO = NO;
				SDKROOT = iphoneos;
				SWIFT_OPTIMIZATION_LEVEL = "-Owholemodule";
				VALIDATE_PRODUCT = YES;
			};
			name = Release;
		};
		0467BF8F1EE7101A00D4A579 /* Debug */ = {
			isa = XCBuildConfiguration;
			baseConfigurationReference = ADABE02F549AF9AD377FB299 /* Pods-SnapchatClone.debug.xcconfig */;
			buildSettings = {
				ASSETCATALOG_COMPILER_APPICON_NAME = AppIcon;
				DEVELOPMENT_TEAM = 76VJWPWNLJ;
				INFOPLIST_FILE = SnapchatClone/Info.plist;
				LD_RUNPATH_SEARCH_PATHS = "$(inherited) @executable_path/Frameworks";
				PRODUCT_BUNDLE_IDENTIFIER = com.fineartsilks.myWorks.SnapchatClone;
				PRODUCT_NAME = "$(TARGET_NAME)";
				SWIFT_VERSION = 3.0;
			};
			name = Debug;
		};
		0467BF901EE7101A00D4A579 /* Release */ = {
			isa = XCBuildConfiguration;
			baseConfigurationReference = 9BEA73F99254851789D66D67 /* Pods-SnapchatClone.release.xcconfig */;
			buildSettings = {
				ASSETCATALOG_COMPILER_APPICON_NAME = AppIcon;
				DEVELOPMENT_TEAM = 76VJWPWNLJ;
				INFOPLIST_FILE = SnapchatClone/Info.plist;
				LD_RUNPATH_SEARCH_PATHS = "$(inherited) @executable_path/Frameworks";
				PRODUCT_BUNDLE_IDENTIFIER = com.fineartsilks.myWorks.SnapchatClone;
				PRODUCT_NAME = "$(TARGET_NAME)";
				SWIFT_VERSION = 3.0;
			};
			name = Release;
		};
/* End XCBuildConfiguration section */

/* Begin XCConfigurationList section */
		0467BF771EE7101900D4A579 /* Build configuration list for PBXProject "SnapchatClone" */ = {
			isa = XCConfigurationList;
			buildConfigurations = (
				0467BF8C1EE7101A00D4A579 /* Debug */,
				0467BF8D1EE7101A00D4A579 /* Release */,
			);
			defaultConfigurationIsVisible = 0;
			defaultConfigurationName = Release;
		};
		0467BF8E1EE7101A00D4A579 /* Build configuration list for PBXNativeTarget "SnapchatClone" */ = {
			isa = XCConfigurationList;
			buildConfigurations = (
				0467BF8F1EE7101A00D4A579 /* Debug */,
				0467BF901EE7101A00D4A579 /* Release */,
			);
			defaultConfigurationIsVisible = 0;
			defaultConfigurationName = Release;
		};
/* End XCConfigurationList section */
	};
	rootObject = 0467BF741EE7101900D4A579 /* Project object */;
}
